
Microsoft Visual Studio Solution File, Format Version 12.00
# Visual Studio Version 16
VisualStudioVersion = 16.0.31624.102
MinimumVisualStudioVersion = 10.0.40219.1
Project("{FAE04EC0-301F-11D3-BF4B-00C04F79EFBC}") = "ImageCarousel.Server", "ImageCarousel.Server.csproj", "{62E06408-8016-4B79-8EE3-3650ECE4F573}"
EndProject
Global
	GlobalSection(SolutionConfigurationPlatforms) = preSolution
		Debug|Any CPU = Debug|Any CPU
		Release|Any CPU = Release|Any CPU
	EndGlobalSection
	GlobalSection(ProjectConfigurationPlatforms) = postSolution
		{62E06408-8016-4B79-8EE3-3650ECE4F573}.Debug|Any CPU.ActiveCfg = Debug|Any CPU
		{62E06408-8016-4B79-8EE3-3650ECE4F573}.Debug|Any CPU.Build.0 = Debug|Any CPU
		{62E06408-8016-4B79-8EE3-3650ECE4F573}.Release|Any CPU.ActiveCfg = Release|Any CPU
		{62E06408-8016-4B79-8EE3-3650ECE4F573}.Release|Any CPU.Build.0 = Release|Any CPU
	EndGlobalSection
	GlobalSection(SolutionProperties) = preSolution
		HideSolutionNode = FALSE
	EndGlobalSection
	GlobalSection(ExtensibilityGlobals) = postSolution
		SolutionGuid = {C659DF1C-E5B9-4F10-8698-1CF91057FABF}
	EndGlobalSection
EndGlobal
